
Microsoft Visual Studio Solution File, Format Version 12.00
# Visual Studio Version 16
VisualStudioVersion = 16.0.30907.101
MinimumVisualStudioVersion = 15.0.26124.0
Project("{9A19103F-16F7-4668-BE54-9A1E7A4F7556}") = "Reffy", "Reffy\Reffy.csproj", "{3B9FB555-17D8-43A8-8AC4-972244BC4EE9}"
EndProject
Project("{FAE04EC0-301F-11D3-BF4B-00C04F79EFBC}") = "Net35Console", "Net35Console\Net35Console.csproj", "{9EEEAED4-429A-4C2D-9FD6-D4F4141A7412}"
EndProject
Project("{FAE04EC0-301F-11D3-BF4B-00C04F79EFBC}") = "Net40Console", "Net40Console\Net40Console.csproj", "{4C9A7578-A180-4726-80FF-87260B0B3773}"
EndProject
Project("{FAE04EC0-301F-11D3-BF4B-00C04F79EFBC}") = "Net50Console", "Net50Console\Net50Console.csproj", "{F869FAE7-7AE9-4158-948D-C8D915CD7869}"
EndProject
Global
	GlobalSection(SolutionConfigurationPlatforms) = preSolution
		Debug|Any CPU = Debug|Any CPU
		Debug|x64 = Debug|x64
		Debug|x86 = Debug|x86
		Release|Any CPU = Release|Any CPU
		Release|x64 = Release|x64
		Release|x86 = Release|x86
	EndGlobalSection
	GlobalSection(ProjectConfigurationPlatforms) = postSolution
		{3B9FB555-17D8-43A8-8AC4-972244BC4EE9}.Debug|Any CPU.ActiveCfg = Debug|Any CPU
		{3B9FB555-17D8-43A8-8AC4-972244BC4EE9}.Debug|Any CPU.Build.0 = Debug|Any CPU
		{3B9FB555-17D8-43A8-8AC4-972244BC4EE9}.Debug|x64.ActiveCfg = Debug|Any CPU
		{3B9FB555-17D8-43A8-8AC4-972244BC4EE9}.Debug|x64.Build.0 = Debug|Any CPU
		{3B9FB555-17D8-43A8-8AC4-972244BC4EE9}.Debug|x86.ActiveCfg = Debug|Any CPU
		{3B9FB555-17D8-43A8-8AC4-972244BC4EE9}.Debug|x86.Build.0 = Debug|Any CPU
		{3B9FB555-17D8-43A8-8AC4-972244BC4EE9}.Release|Any CPU.ActiveCfg = Release|Any CPU
		{3B9FB555-17D8-43A8-8AC4-972244BC4EE9}.Release|Any CPU.Build.0 = Release|Any CPU
		{3B9FB555-17D8-43A8-8AC4-972244BC4EE9}.Release|x64.ActiveCfg = Release|Any CPU
		{3B9FB555-17D8-43A8-8AC4-972244BC4EE9}.Release|x64.Build.0 = Release|Any CPU
		{3B9FB555-17D8-43A8-8AC4-972244BC4EE9}.Release|x86.ActiveCfg = Release|Any CPU
		{3B9FB555-17D8-43A8-8AC4-972244BC4EE9}.Release|x86.Build.0 = Release|Any CPU
		{9EEEAED4-429A-4C2D-9FD6-D4F4141A7412}.Debug|Any CPU.ActiveCfg = Debug|Any CPU
		{9EEEAED4-429A-4C2D-9FD6-D4F4141A7412}.Debug|Any CPU.Build.0 = Debug|Any CPU
		{9EEEAED4-429A-4C2D-9FD6-D4F4141A7412}.Debug|x64.ActiveCfg = Debug|Any CPU
		{9EEEAED4-429A-4C2D-9FD6-D4F4141A7412}.Debug|x64.Build.0 = Debug|Any CPU
		{9EEEAED4-429A-4C2D-9FD6-D4F4141A7412}.Debug|x86.ActiveCfg = Debug|Any CPU
		{9EEEAED4-429A-4C2D-9FD6-D4F4141A7412}.Debug|x86.Build.0 = Debug|Any CPU
		{9EEEAED4-429A-4C2D-9FD6-D4F4141A7412}.Release|Any CPU.ActiveCfg = Release|Any CPU
		{9EEEAED4-429A-4C2D-9FD6-D4F4141A7412}.Release|Any CPU.Build.0 = Release|Any CPU
		{9EEEAED4-429A-4C2D-9FD6-D4F4141A7412}.Release|x64.ActiveCfg = Release|Any CPU
		{9EEEAED4-429A-4C2D-9FD6-D4F4141A7412}.Release|x64.Build.0 = Release|Any CPU
		{9EEEAED4-429A-4C2D-9FD6-D4F4141A7412}.Release|x86.ActiveCfg = Release|Any CPU
		{9EEEAED4-429A-4C2D-9FD6-D4F4141A7412}.Release|x86.Build.0 = Release|Any CPU
		{4C9A7578-A180-4726-80FF-87260B0B3773}.Debug|Any CPU.ActiveCfg = Debug|Any CPU
		{4C9A7578-A180-4726-80FF-87260B0B3773}.Debug|Any CPU.Build.0 = Debug|Any CPU
		{4C9A7578-A180-4726-80FF-87260B0B3773}.Debug|x64.ActiveCfg = Debug|Any CPU
		{4C9A7578-A180-4726-80FF-87260B0B3773}.Debug|x64.Build.0 = Debug|Any CPU
		{4C9A7578-A180-4726-80FF-87260B0B3773}.Debug|x86.ActiveCfg = Debug|Any CPU
		{4C9A7578-A180-4726-80FF-87260B0B3773}.Debug|x86.Build.0 = Debug|Any CPU
		{4C9A7578-A180-4726-80FF-87260B0B3773}.Release|Any CPU.ActiveCfg = Release|Any CPU
		{4C9A7578-A180-4726-80FF-87260B0B3773}.Release|Any CPU.Build.0 = Release|Any CPU
		{4C9A7578-A180-4726-80FF-87260B0B3773}.Release|x64.ActiveCfg = Release|Any CPU
		{4C9A7578-A180-4726-80FF-87260B0B3773}.Release|x64.Build.0 = Release|Any CPU
		{4C9A7578-A180-4726-80FF-87260B0B3773}.Release|x86.ActiveCfg = Release|Any CPU
		{4C9A7578-A180-4726-80FF-87260B0B3773}.Release|x86.Build.0 = Release|Any CPU
		{F869FAE7-7AE9-4158-948D-C8D915CD7869}.Debug|Any CPU.ActiveCfg = Debug|Any CPU
		{F869FAE7-7AE9-4158-948D-C8D915CD7869}.Debug|Any CPU.Build.0 = Debug|Any CPU
		{F869FAE7-7AE9-4158-948D-C8D915CD7869}.Debug|x64.ActiveCfg = Debug|Any CPU
		{F869FAE7-7AE9-4158-948D-C8D915CD7869}.Debug|x64.Build.0 = Debug|Any CPU
		{F869FAE7-7AE9-4158-948D-C8D915CD7869}.Debug|x86.ActiveCfg = Debug|Any CPU
		{F869FAE7-7AE9-4158-948D-C8D915CD7869}.Debug|x86.Build.0 = Debug|Any CPU
		{F869FAE7-7AE9-4158-948D-C8D915CD7869}.Release|Any CPU.ActiveCfg = Release|Any CPU
		{F869FAE7-7AE9-4158-948D-C8D915CD7869}.Release|Any CPU.Build.0 = Release|Any CPU
		{F869FAE7-7AE9-4158-948D-C8D915CD7869}.Release|x64.ActiveCfg = Release|Any CPU
		{F869FAE7-7AE9-4158-948D-C8D915CD7869}.Release|x64.Build.0 = Release|Any CPU
		{F869FAE7-7AE9-4158-948D-C8D915CD7869}.Release|x86.ActiveCfg = Release|Any CPU
		{F869FAE7-7AE9-4158-948D-C8D915CD7869}.Release|x86.Build.0 = Release|Any CPU
	EndGlobalSection
	GlobalSection(SolutionProperties) = preSolution
		HideSolutionNode = FALSE
	EndGlobalSection
	GlobalSection(ExtensibilityGlobals) = postSolution
		SolutionGuid = {41CC5939-787B-420C-9F69-E9B0CE5CB326}
	EndGlobalSection
EndGlobal
